// !$*UTF8*$!
{
	archiveVersion = 1;
	classes = {
	};
	objectVersion = 46;
	objects = {

/* Begin PBXBuildFile section */
		501E75881BF5CADE00067373 /* main.m in Sources */ = {isa = PBXBuildFile; fileRef = 501E75871BF5CADE00067373 /* main.m */; };
		501E758B1BF5CADE00067373 /* AppDelegate.m in Sources */ = {isa = PBXBuildFile; fileRef = 501E758A1BF5CADE00067373 /* AppDelegate.m */; };
		501E758E1BF5CADE00067373 /* ViewController.m in Sources */ = {isa = PBXBuildFile; fileRef = 501E758D1BF5CADE00067373 /* ViewController.m */; };
		501E75911BF5CADE00067373 /* Main.storyboard in Resources */ = {isa = PBXBuildFile; fileRef = 501E758F1BF5CADE00067373 /* Main.storyboard */; };
		501E75931BF5CADE00067373 /* Assets.xcassets in Resources */ = {isa = PBXBuildFile; fileRef = 501E75921BF5CADE00067373 /* Assets.xcassets */; };
		501E75961BF5CADE00067373 /* LaunchScreen.storyboard in Resources */ = {isa = PBXBuildFile; fileRef = 501E75941BF5CADE00067373 /* LaunchScreen.storyboard */; };
		501E75A11BF5CADF00067373 /* ____Tests.m in Sources */ = {isa = PBXBuildFile; fileRef = 501E75A01BF5CADF00067373 /* ____Tests.m */; };
		501E75AC1BF5CADF00067373 /* ____UITests.m in Sources */ = {isa = PBXBuildFile; fileRef = 501E75AB1BF5CADF00067373 /* ____UITests.m */; };
/* End PBXBuildFile section */

/* Begin PBXContainerItemProxy section */
		501E759D1BF5CADF00067373 /* PBXContainerItemProxy */ = {
			isa = PBXContainerItemProxy;
			containerPortal = 501E757B1BF5CADD00067373 /* Project object */;
			proxyType = 1;
			remoteGlobalIDString = 501E75821BF5CADD00067373;
			remoteInfo = "异步加载";
		};
		501E75A81BF5CADF00067373 /* PBXContainerItemProxy */ = {
			isa = PBXContainerItemProxy;
			containerPortal = 501E757B1BF5CADD00067373 /* Project object */;
			proxyType = 1;
			remoteGlobalIDString = 501E75821BF5CADD00067373;
			remoteInfo = "异步加载";
		};
/* End PBXContainerItemProxy section */

/* Begin PBXFileReference section */
		501E75831BF5CADD00067373 /* 异步加载.app */ = {isa = PBXFileReference; explicitFileType = wrapper.application; includeInIndex = 0; path = "异步加载.app"; sourceTree = BUILT_PRODUCTS_DIR; };
		501E75871BF5CADE00067373 /* main.m */ = {isa = PBXFileReference; lastKnownFileType = sourcecode.c.objc; path = main.m; sourceTree = "<group>"; };
		501E75891BF5CADE00067373 /* AppDelegate.h */ = {isa = PBXFileReference; lastKnownFileType = sourcecode.c.h; path = AppDelegate.h; sourceTree = "<group>"; };
		501E758A1BF5CADE00067373 /* AppDelegate.m */ = {isa = PBXFileReference; lastKnownFileType = sourcecode.c.objc; path = AppDelegate.m; sourceTree = "<group>"; };
		501E758C1BF5CADE00067373 /* ViewController.h */ = {isa = PBXFileReference; lastKnownFileType = sourcecode.c.h; path = ViewController.h; sourceTree = "<group>"; };
		501E758D1BF5CADE00067373 /* ViewController.m */ = {isa = PBXFileReference; lastKnownFileType = sourcecode.c.objc; path = ViewController.m; sourceTree = "<group>"; };
		501E75901BF5CADE00067373 /* Base */ = {isa = PBXFileReference; lastKnownFileType = file.storyboard; name = Base; path = Base.lproj/Main.storyboard; sourceTree = "<group>"; };
		501E75921BF5CADE00067373 /* Assets.xcassets */ = {isa = PBXFileReference; lastKnownFileType = folder.assetcatalog; path = Assets.xcassets; sourceTree = "<group>"; };
		501E75951BF5CADE00067373 /* Base */ = {isa = PBXFileReference; lastKnownFileType = file.storyboard; name = Base; path = Base.lproj/LaunchScreen.storyboard; sourceTree = "<group>"; };
		501E75971BF5CADE00067373 /* Info.plist */ = {isa = PBXFileReference; lastKnownFileType = text.plist.xml; path = Info.plist; sourceTree = "<group>"; };
		501E759C1BF5CADF00067373 /* 异步加载Tests.xctest */ = {isa = PBXFileReference; explicitFileType = wrapper.cfbundle; includeInIndex = 0; path = "异步加载Tests.xctest"; sourceTree = BUILT_PRODUCTS_DIR; };
		501E75A01BF5CADF00067373 /* ____Tests.m */ = {isa = PBXFileReference; lastKnownFileType = sourcecode.c.objc; path = "____Tests.m"; sourceTree = "<group>"; };
		501E75A21BF5CADF00067373 /* Info.plist */ = {isa = PBXFileReference; lastKnownFileType = text.plist.xml; path = Info.plist; sourceTree = "<group>"; };
		501E75A71BF5CADF00067373 /* 异步加载UITests.xctest */ = {isa = PBXFileReference; explicitFileType = wrapper.cfbundle; includeInIndex = 0; path = "异步加载UITests.xctest"; sourceTree = BUILT_PRODUCTS_DIR; };
		501E75AB1BF5CADF00067373 /* ____UITests.m */ = {isa = PBXFileReference; lastKnownFileType = sourcecode.c.objc; path = "____UITests.m"; sourceTree = "<group>"; };
		501E75AD1BF5CADF00067373 /* Info.plist */ = {isa = PBXFileReference; lastKnownFileType = text.plist.xml; path = Info.plist; sourceTree = "<group>"; };
/* End PBXFileReference section */

/* Begin PBXFrameworksBuildPhase section */
		501E75801BF5CADD00067373 /* Frameworks */ = {
			isa = PBXFrameworksBuildPhase;
			buildActionMask = 2147483647;
			files = (
			);
			runOnlyForDeploymentPostprocessing = 0;
		};
		501E75991BF5CADF00067373 /* Frameworks */ = {
			isa = PBXFrameworksBuildPhase;
			buildActionMask = 2147483647;
			files = (
			);
			runOnlyForDeploymentPostprocessing = 0;
		};
		501E75A41BF5CADF00067373 /* Frameworks */ = {
			isa = PBXFrameworksBuildPhase;
			buildActionMask = 2147483647;
			files = (
			);
			runOnlyForDeploymentPostprocessing = 0;
		};
/* End PBXFrameworksBuildPhase section */

/* Begin PBXGroup section */
		501E757A1BF5CADD00067373 = {
			isa = PBXGroup;
			children = (
				501E75851BF5CADE00067373 /* 异步加载 */,
				501E759F1BF5CADF00067373 /* 异步加载Tests */,
				501E75AA1BF5CADF00067373 /* 异步加载UITests */,
				501E75841BF5CADD00067373 /* Products */,
			);
			sourceTree = "<group>";
		};
		501E75841BF5CADD00067373 /* Products */ = {
			isa = PBXGroup;
			children = (
				501E75831BF5CADD00067373 /* 异步加载.app */,
				501E759C1BF5CADF00067373 /* 异步加载Tests.xctest */,
				501E75A71BF5CADF00067373 /* 异步加载UITests.xctest */,
			);
			name = Products;
			sourceTree = "<group>";
		};
		501E75851BF5CADE00067373 /* 异步加载 */ = {
			isa = PBXGroup;
			children = (
				501E75891BF5CADE00067373 /* AppDelegate.h */,
				501E758A1BF5CADE00067373 /* AppDelegate.m */,
				501E758C1BF5CADE00067373 /* ViewController.h */,
				501E758D1BF5CADE00067373 /* ViewController.m */,
				501E758F1BF5CADE00067373 /* Main.storyboard */,
				501E75921BF5CADE00067373 /* Assets.xcassets */,
				501E75941BF5CADE00067373 /* LaunchScreen.storyboard */,
				501E75971BF5CADE00067373 /* Info.plist */,
				501E75861BF5CADE00067373 /* Supporting Files */,
			);
			path = "异步加载";
			sourceTree = "<group>";
		};
		501E75861BF5CADE00067373 /* Supporting Files */ = {
			isa = PBXGroup;
			children = (
				501E75871BF5CADE00067373 /* main.m */,
			);
			name = "Supporting Files";
			sourceTree = "<group>";
		};
		501E759F1BF5CADF00067373 /* 异步加载Tests */ = {
			isa = PBXGroup;
			children = (
				501E75A01BF5CADF00067373 /* ____Tests.m */,
				501E75A21BF5CADF00067373 /* Info.plist */,
			);
			path = "异步加载Tests";
			sourceTree = "<group>";
		};
		501E75AA1BF5CADF00067373 /* 异步加载UITests */ = {
			isa = PBXGroup;
			children = (
				501E75AB1BF5CADF00067373 /* ____UITests.m */,
				501E75AD1BF5CADF00067373 /* Info.plist */,
			);
			path = "异步加载UITests";
			sourceTree = "<group>";
		};
/* End PBXGroup section */

/* Begin PBXNativeTarget section */
		501E75821BF5CADD00067373 /* 异步加载 */ = {
			isa = PBXNativeTarget;
			buildConfigurationList = 501E75B01BF5CADF00067373 /* Build configuration list for PBXNativeTarget "异步加载" */;
			buildPhases = (
				501E757F1BF5CADD00067373 /* Sources */,
				501E75801BF5CADD00067373 /* Frameworks */,
				501E75811BF5CADD00067373 /* Resources */,
			);
			buildRules = (
			);
			dependencies = (
			);
			name = "异步加载";
			productName = "异步加载";
			productReference = 501E75831BF5CADD00067373 /* 异步加载.app */;
			productType = "com.apple.product-type.application";
		};
		501E759B1BF5CADF00067373 /* 异步加载Tests */ = {
			isa = PBXNativeTarget;
			buildConfigurationList = 501E75B31BF5CADF00067373 /* Build configuration list for PBXNativeTarget "异步加载Tests" */;
			buildPhases = (
				501E75981BF5CADF00067373 /* Sources */,
				501E75991BF5CADF00067373 /* Frameworks */,
				501E759A1BF5CADF00067373 /* Resources */,
			);
			buildRules = (
			);
			dependencies = (
				501E759E1BF5CADF00067373 /* PBXTargetDependency */,
			);
			name = "异步加载Tests";
			productName = "异步加载Tests";
			productReference = 501E759C1BF5CADF00067373 /* 异步加载Tests.xctest */;
			productType = "com.apple.product-type.bundle.unit-test";
		};
		501E75A61BF5CADF00067373 /* 异步加载UITests */ = {
			isa = PBXNativeTarget;
			buildConfigurationList = 501E75B61BF5CADF00067373 /* Build configuration list for PBXNativeTarget "异步加载UITests" */;
			buildPhases = (
				501E75A31BF5CADF00067373 /* Sources */,
				501E75A41BF5CADF00067373 /* Frameworks */,
				501E75A51BF5CADF00067373 /* Resources */,
			);
			buildRules = (
			);
			dependencies = (
				501E75A91BF5CADF00067373 /* PBXTargetDependency */,
			);
			name = "异步加载UITests";
			productName = "异步加载UITests";
			productReference = 501E75A71BF5CADF00067373 /* 异步加载UITests.xctest */;
			productType = "com.apple.product-type.bundle.ui-testing";
		};
/* End PBXNativeTarget section */

/* Begin PBXProject section */
		501E757B1BF5CADD00067373 /* Project object */ = {
			isa = PBXProject;
			attributes = {
				LastUpgradeCheck = 0700;
				ORGANIZATIONNAME = tianyu;
				TargetAttributes = {
					501E75821BF5CADD00067373 = {
						CreatedOnToolsVersion = 7.0;
					};
					501E759B1BF5CADF00067373 = {
						CreatedOnToolsVersion = 7.0;
						TestTargetID = 501E75821BF5CADD00067373;
					};
					501E75A61BF5CADF00067373 = {
						CreatedOnToolsVersion = 7.0;
						TestTargetID = 501E75821BF5CADD00067373;
					};
				};
			};
			buildConfigurationList = 501E757E1BF5CADD00067373 /* Build configuration list for PBXProject "异步加载" */;
			compatibilityVersion = "Xcode 3.2";
			developmentRegion = English;
			hasScannedForEncodings = 0;
			knownRegions = (
				en,
				Base,
			);
			mainGroup = 501E757A1BF5CADD00067373;
			productRefGroup = 501E75841BF5CADD00067373 /* Products */;
			projectDirPath = "";
			projectRoot = "";
			targets = (
				501E75821BF5CADD00067373 /* 异步加载 */,
				501E759B1BF5CADF00067373 /* 异步加载Tests */,
				501E75A61BF5CADF00067373 /* 异步加载UITests */,
			);
		};
/* End PBXProject section */

/* Begin PBXResourcesBuildPhase section */
		501E75811BF5CADD00067373 /* Resources */ = {
			isa = PBXResourcesBuildPhase;
			buildActionMask = 2147483647;
			files = (
				501E75961BF5CADE00067373 /* LaunchScreen.storyboard in Resources */,
				501E75931BF5CADE00067373 /* Assets.xcassets in Resources */,
				501E75911BF5CADE00067373 /* Main.storyboard in Resources */,
			);
			runOnlyForDeploymentPostprocessing = 0;
		};
		501E759A1BF5CADF00067373 /* Resources */ = {
			isa = PBXResourcesBuildPhase;
			buildActionMask = 2147483647;
			files = (
			);
			runOnlyForDeploymentPostprocessing = 0;
		};
		501E75A51BF5CADF00067373 /* Resources */ = {
			isa = PBXResourcesBuildPhase;
			buildActionMask = 2147483647;
			files = (
			);
			runOnlyForDeploymentPostprocessing = 0;
		};
/* End PBXResourcesBuildPhase section */

/* Begin PBXSourcesBuildPhase section */
		501E757F1BF5CADD00067373 /* Sources */ = {
			isa = PBXSourcesBuildPhase;
			buildActionMask = 2147483647;
			files = (
				501E758E1BF5CADE00067373 /* ViewController.m in Sources */,
				501E758B1BF5CADE00067373 /* AppDelegate.m in Sources */,
				501E75881BF5CADE00067373 /* main.m in Sources */,
			);
			runOnlyForDeploymentPostprocessing = 0;
		};
		501E75981BF5CADF00067373 /* Sources */ = {
			isa = PBXSourcesBuildPhase;
			buildActionMask = 2147483647;
			files = (
				501E75A11BF5CADF00067373 /* ____Tests.m in Sources */,
			);
			runOnlyForDeploymentPostprocessing = 0;
		};
		501E75A31BF5CADF00067373 /* Sources */ = {
			isa = PBXSourcesBuildPhase;
			buildActionMask = 2147483647;
			files = (
				501E75AC1BF5CADF00067373 /* ____UITests.m in Sources */,
			);
			runOnlyForDeploymentPostprocessing = 0;
		};
/* End PBXSourcesBuildPhase section */

/* Begin PBXTargetDependency section */
		501E759E1BF5CADF00067373 /* PBXTargetDependency */ = {
			isa = PBXTargetDependency;
			target = 501E75821BF5CADD00067373 /* 异步加载 */;
			targetProxy = 501E759D1BF5CADF00067373 /* PBXContainerItemProxy */;
		};
		501E75A91BF5CADF00067373 /* PBXTargetDependency */ = {
			isa = PBXTargetDependency;
			target = 501E75821BF5CADD00067373 /* 异步加载 */;
			targetProxy = 501E75A81BF5CADF00067373 /* PBXContainerItemProxy */;
		};
/* End PBXTargetDependency section */

/* Begin PBXVariantGroup section */
		501E758F1BF5CADE00067373 /* Main.storyboard */ = {
			isa = PBXVariantGroup;
			children = (
				501E75901BF5CADE00067373 /* Base */,
			);
			name = Main.storyboard;
			sourceTree = "<group>";
		};
		501E75941BF5CADE00067373 /* LaunchScreen.storyboard */ = {
			isa = PBXVariantGroup;
			children = (
				501E75951BF5CADE00067373 /* Base */,
			);
			name = LaunchScreen.storyboard;
			sourceTree = "<group>";
		};
/* End PBXVariantGroup section */

/* Begin XCBuildConfiguration section */
		501E75AE1BF5CADF00067373 /* Debug */ = {
			isa = XCBuildConfiguration;
			buildSettings = {
				ALWAYS_SEARCH_USER_PATHS = NO;
				CLANG_CXX_LANGUAGE_STANDARD = "gnu++0x";
				CLANG_CXX_LIBRARY = "libc++";
				CLANG_ENABLE_MODULES = YES;
				CLANG_ENABLE_OBJC_ARC = YES;
				CLANG_WARN_BOOL_CONVERSION = YES;
				CLANG_WARN_CONSTANT_CONVERSION = YES;
				CLANG_WARN_DIRECT_OBJC_ISA_USAGE = YES_ERROR;
				CLANG_WARN_EMPTY_BODY = YES;
				CLANG_WARN_ENUM_CONVERSION = YES;
				CLANG_WARN_INT_CONVERSION = YES;
				CLANG_WARN_OBJC_ROOT_CLASS = YES_ERROR;
				CLANG_WARN_UNREACHABLE_CODE = YES;
				CLANG_WARN__DUPLICATE_METHOD_MATCH = YES;
				"CODE_SIGN_IDENTITY[sdk=iphoneos*]" = "iPhone Developer";
				COPY_PHASE_STRIP = NO;
				DEBUG_INFORMATION_FORMAT = dwarf;
				ENABLE_STRICT_OBJC_MSGSEND = YES;
				ENABLE_TESTABILITY = YES;
				GCC_C_LANGUAGE_STANDARD = gnu99;
				GCC_DYNAMIC_NO_PIC = NO;
				GCC_NO_COMMON_BLOCKS = YES;
				GCC_OPTIMIZATION_LEVEL = 0;
				GCC_PREPROCESSOR_DEFINITIONS = (
					"DEBUG=1",
					"$(inherited)",
				);
				GCC_WARN_64_TO_32_BIT_CONVERSION = YES;
				GCC_WARN_ABOUT_RETURN_TYPE = YES_ERROR;
				GCC_WARN_UNDECLARED_SELECTOR = YES;
				GCC_WARN_UNINITIALIZED_AUTOS = YES_AGGRESSIVE;
				GCC_WARN_UNUSED_FUNCTION = YES;
				GCC_WARN_UNUSED_VARIABLE = YES;
				IPHONEOS_DEPLOYMENT_TARGET = 9.0;
				MTL_ENABLE_DEBUG_INFO = YES;
				ONLY_ACTIVE_ARCH = YES;
				SDKROOT = iphoneos;
				TARGETED_DEVICE_FAMILY = "1,2";
			};
			name = Debug;
		};
		501E75AF1BF5CADF00067373 /* Release */ = {
			isa = XCBuildConfiguration;
			buildSettings = {
				ALWAYS_SEARCH_USER_PATHS = NO;
				CLANG_CXX_LANGUAGE_STANDARD = "gnu++0x";
				CLANG_CXX_LIBRARY = "libc++";
				CLANG_ENABLE_MODULES = YES;
				CLANG_ENABLE_OBJC_ARC = YES;
				CLANG_WARN_BOOL_CONVERSION = YES;
				CLANG_WARN_CONSTANT_CONVERSION = YES;
				CLANG_WARN_DIRECT_OBJC_ISA_USAGE = YES_ERROR;
				CLANG_WARN_EMPTY_BODY = YES;
				CLANG_WARN_ENUM_CONVERSION = YES;
				CLANG_WARN_INT_CONVERSION = YES;
				CLANG_WARN_OBJC_ROOT_CLASS = YES_ERROR;
				CLANG_WARN_UNREACHABLE_CODE = YES;
				CLANG_WARN__DUPLICATE_METHOD_MATCH = YES;
				"CODE_SIGN_IDENTITY[sdk=iphoneos*]" = "iPhone Developer";
				COPY_PHASE_STRIP = NO;
				DEBUG_INFORMATION_FORMAT = "dwarf-with-dsym";
				ENABLE_NS_ASSERTIONS = NO;
				ENABLE_STRICT_OBJC_MSGSEND = YES;
				GCC_C_LANGUAGE_STANDARD = gnu99;
				GCC_NO_COMMON_BLOCKS = YES;
				GCC_WARN_64_TO_32_BIT_CONVERSION = YES;
				GCC_WARN_ABOUT_RETURN_TYPE = YES_ERROR;
				GCC_WARN_UNDECLARED_SELECTOR = YES;
				GCC_WARN_UNINITIALIZED_AUTOS = YES_AGGRESSIVE;
				GCC_WARN_UNUSED_FUNCTION = YES;
				GCC_WARN_UNUSED_VARIABLE = YES;
				IPHONEOS_DEPLOYMENT_TARGET = 9.0;
				MTL_ENABLE_DEBUG_INFO = NO;
				SDKROOT = iphoneos;
				TARGETED_DEVICE_FAMILY = "1,2";
				VALIDATE_PRODUCT = YES;
			};
			name = Release;
		};
		501E75B11BF5CADF00067373 /* Debug */ = {
			isa = XCBuildConfiguration;
			buildSettings = {
				ASSETCATALOG_COMPILER_APPICON_NAME = AppIcon;
				INFOPLIST_FILE = "异步加载/Info.plist";
				LD_RUNPATH_SEARCH_PATHS = "$(inherited) @executable_path/Frameworks";
				PRODUCT_BUNDLE_IDENTIFIER = "tianyu.----";
				PRODUCT_NAME = "$(TARGET_NAME)";
			};
			name = Debug;
		};
		501E75B21BF5CADF00067373 /* Release */ = {
			isa = XCBuildConfiguration;
			buildSettings = {
				ASSETCATALOG_COMPILER_APPICON_NAME = AppIcon;
				INFOPLIST_FILE = "异步加载/Info.plist";
				LD_RUNPATH_SEARCH_PATHS = "$(inherited) @executable_path/Frameworks";
				PRODUCT_BUNDLE_IDENTIFIER = "tianyu.----";
				PRODUCT_NAME = "$(TARGET_NAME)";
			};
			name = Release;
		};
		501E75B41BF5CADF00067373 /* Debug */ = {
			isa = XCBuildConfiguration;
			buildSettings = {
				BUNDLE_LOADER = "$(TEST_HOST)";
				INFOPLIST_FILE = "异步加载Tests/Info.plist";
				LD_RUNPATH_SEARCH_PATHS = "$(inherited) @executable_path/Frameworks @loader_path/Frameworks";
				PRODUCT_BUNDLE_IDENTIFIER = "tianyu.----Tests";
				PRODUCT_NAME = "$(TARGET_NAME)";
				TEST_HOST = "$(BUILT_PRODUCTS_DIR)/异步加载.app/异步加载";
			};
			name = Debug;
		};
		501E75B51BF5CADF00067373 /* Release */ = {
			isa = XCBuildConfiguration;
			buildSettings = {
				BUNDLE_LOADER = "$(TEST_HOST)";
				INFOPLIST_FILE = "异步加载Tests/Info.plist";
				LD_RUNPATH_SEARCH_PATHS = "$(inherited) @executable_path/Frameworks @loader_path/Frameworks";
				PRODUCT_BUNDLE_IDENTIFIER = "tianyu.----Tests";
				PRODUCT_NAME = "$(TARGET_NAME)";
				TEST_HOST = "$(BUILT_PRODUCTS_DIR)/异步加载.app/异步加载";
			};
			name = Release;
		};
		501E75B71BF5CADF00067373 /* Debug */ = {
			isa = XCBuildConfiguration;
			buildSettings = {
				INFOPLIST_FILE = "异步加载UITests/Info.plist";
				LD_RUNPATH_SEARCH_PATHS = "$(inherited) @executable_path/Frameworks @loader_path/Frameworks";
				PRODUCT_BUNDLE_IDENTIFIER = "tianyu.----UITests";
				PRODUCT_NAME = "$(TARGET_NAME)";
				TEST_TARGET_NAME = "异步加载";
				USES_XCTRUNNER = YES;
			};
			name = Debug;
		};
		501E75B81BF5CADF00067373 /* Release */ = {
			isa = XCBuildConfiguration;
			buildSettings = {
				INFOPLIST_FILE = "异步加载UITests/Info.plist";
				LD_RUNPATH_SEARCH_PATHS = "$(inherited) @executable_path/Frameworks @loader_path/Frameworks";
				PRODUCT_BUNDLE_IDENTIFIER = "tianyu.----UITests";
				PRODUCT_NAME = "$(TARGET_NAME)";
				TEST_TARGET_NAME = "异步加载";
				USES_XCTRUNNER = YES;
			};
			name = Release;
		};
/* End XCBuildConfiguration section */

/* Begin XCConfigurationList section */
		501E757E1BF5CADD00067373 /* Build configuration list for PBXProject "异步加载" */ = {
			isa = XCConfigurationList;
			buildConfigurations = (
				501E75AE1BF5CADF00067373 /* Debug */,
				501E75AF1BF5CADF00067373 /* Release */,
			);
			defaultConfigurationIsVisible = 0;
			defaultConfigurationName = Release;
		};
		501E75B01BF5CADF00067373 /* Build configuration list for PBXNativeTarget "异步加载" */ = {
			isa = XCConfigurationList;
			buildConfigurations = (
				501E75B11BF5CADF00067373 /* Debug */,
				501E75B21BF5CADF00067373 /* Release */,
			);
			defaultConfigurationIsVisible = 0;
		};
		501E75B31BF5CADF00067373 /* Build configuration list for PBXNativeTarget "异步加载Tests" */ = {
			isa = XCConfigurationList;
			buildConfigurations = (
				501E75B41BF5CADF00067373 /* Debug */,
				501E75B51BF5CADF00067373 /* Release */,
			);
			defaultConfigurationIsVisible = 0;
		};
		501E75B61BF5CADF00067373 /* Build configuration list for PBXNativeTarget "异步加载UITests" */ = {
			isa = XCConfigurationList;
			buildConfigurations = (
				501E75B71BF5CADF00067373 /* Debug */,
				501E75B81BF5CADF00067373 /* Release */,
			);
			defaultConfigurationIsVisible = 0;
		};
/* End XCConfigurationList section */
	};
	rootObject = 501E757B1BF5CADD00067373 /* Project object */;
}
